
Microsoft Visual Studio Solution File, Format Version 12.00
# Visual Studio Version 16
VisualStudioVersion = 16.0.31515.178
MinimumVisualStudioVersion = 10.0.40219.1
Project("{FAE04EC0-301F-11D3-BF4B-00C04F79EFBC}") = "CodeName308", "CodeName308\CodeName308.csproj", "{B81005DE-B3C2-40E6-92E2-FAE06EAF4EE4}"
EndProject
Global
	GlobalSection(SolutionConfigurationPlatforms) = preSolution
		Debug|Any CPU = Debug|Any CPU
		Release|Any CPU = Release|Any CPU
	EndGlobalSection
	GlobalSection(ProjectConfigurationPlatforms) = postSolution
		{B81005DE-B3C2-40E6-92E2-FAE06EAF4EE4}.Debug|Any CPU.ActiveCfg = Debug|Any CPU
		{B81005DE-B3C2-40E6-92E2-FAE06EAF4EE4}.Debug|Any CPU.Build.0 = Debug|Any CPU
		{B81005DE-B3C2-40E6-92E2-FAE06EAF4EE4}.Release|Any CPU.ActiveCfg = Release|Any CPU
		{B81005DE-B3C2-40E6-92E2-FAE06EAF4EE4}.Release|Any CPU.Build.0 = Release|Any CPU
	EndGlobalSection
	GlobalSection(SolutionProperties) = preSolution
		HideSolutionNode = FALSE
	EndGlobalSection
	GlobalSection(ExtensibilityGlobals) = postSolution
		SolutionGuid = {DACF9694-083F-4F21-B97C-E9AA572791D6}
	EndGlobalSection
EndGlobal
